
Microsoft Visual Studio Solution File, Format Version 12.00
# Visual Studio Version 17
VisualStudioVersion = 17.6.33829.357
MinimumVisualStudioVersion = 10.0.40219.1
Project("{FAE04EC0-301F-11D3-BF4B-00C04F79EFBC}") = "Calculadora", "Calculadora\Calculadora.csproj", "{DBCBD4CD-116E-4919-BDB3-8F1EE4335EA9}"
EndProject
Global
	GlobalSection(SolutionConfigurationPlatforms) = preSolution
		Debug|Any CPU = Debug|Any CPU
		Release|Any CPU = Release|Any CPU
	EndGlobalSection
	GlobalSection(ProjectConfigurationPlatforms) = postSolution
		{DBCBD4CD-116E-4919-BDB3-8F1EE4335EA9}.Debug|Any CPU.ActiveCfg = Debug|Any CPU
		{DBCBD4CD-116E-4919-BDB3-8F1EE4335EA9}.Debug|Any CPU.Build.0 = Debug|Any CPU
		{DBCBD4CD-116E-4919-BDB3-8F1EE4335EA9}.Release|Any CPU.ActiveCfg = Release|Any CPU
		{DBCBD4CD-116E-4919-BDB3-8F1EE4335EA9}.Release|Any CPU.Build.0 = Release|Any CPU
	EndGlobalSection
	GlobalSection(SolutionProperties) = preSolution
		HideSolutionNode = FALSE
	EndGlobalSection
	GlobalSection(ExtensibilityGlobals) = postSolution
		SolutionGuid = {89DAAABA-830B-40BA-A3F5-9F1327AF8505}
	EndGlobalSection
EndGlobal
